
Microsoft Visual Studio Solution File, Format Version 12.00
# Visual Studio Version 17
VisualStudioVersion = 17.7.34003.232
MinimumVisualStudioVersion = 10.0.40219.1
Project("{FAE04EC0-301F-11D3-BF4B-00C04F79EFBC}") = "TA27_1_sgallego", "TA27_1_sgallego\TA27_1_sgallego.csproj", "{0692D072-CF50-4AE2-9368-24ECADBACDF4}"
EndProject
Global
	GlobalSection(SolutionConfigurationPlatforms) = preSolution
		Debug|Any CPU = Debug|Any CPU
		Release|Any CPU = Release|Any CPU
	EndGlobalSection
	GlobalSection(ProjectConfigurationPlatforms) = postSolution
		{0692D072-CF50-4AE2-9368-24ECADBACDF4}.Debug|Any CPU.ActiveCfg = Debug|Any CPU
		{0692D072-CF50-4AE2-9368-24ECADBACDF4}.Debug|Any CPU.Build.0 = Debug|Any CPU
		{0692D072-CF50-4AE2-9368-24ECADBACDF4}.Release|Any CPU.ActiveCfg = Release|Any CPU
		{0692D072-CF50-4AE2-9368-24ECADBACDF4}.Release|Any CPU.Build.0 = Release|Any CPU
	EndGlobalSection
	GlobalSection(SolutionProperties) = preSolution
		HideSolutionNode = FALSE
	EndGlobalSection
	GlobalSection(ExtensibilityGlobals) = postSolution
		SolutionGuid = {2CADB2C9-B20A-48EC-A71F-F4B9517FA542}
	EndGlobalSection
EndGlobal
